
Microsoft Visual Studio Solution File, Format Version 12.00
# Visual Studio Version 16
VisualStudioVersion = 16.0.31019.35
MinimumVisualStudioVersion = 10.0.40219.1
Project("{FAE04EC0-301F-11D3-BF4B-00C04F79EFBC}") = "ConsoleApp", "ConsoleApp\ConsoleApp.csproj", "{01A95388-01BF-4B0C-B98B-56346D0B773E}"
EndProject
Global
	GlobalSection(SolutionConfigurationPlatforms) = preSolution
		Debug|Any CPU = Debug|Any CPU
		Release|Any CPU = Release|Any CPU
	EndGlobalSection
	GlobalSection(ProjectConfigurationPlatforms) = postSolution
		{01A95388-01BF-4B0C-B98B-56346D0B773E}.Debug|Any CPU.ActiveCfg = Debug|Any CPU
		{01A95388-01BF-4B0C-B98B-56346D0B773E}.Debug|Any CPU.Build.0 = Debug|Any CPU
		{01A95388-01BF-4B0C-B98B-56346D0B773E}.Release|Any CPU.ActiveCfg = Release|Any CPU
		{01A95388-01BF-4B0C-B98B-56346D0B773E}.Release|Any CPU.Build.0 = Release|Any CPU
	EndGlobalSection
	GlobalSection(SolutionProperties) = preSolution
		HideSolutionNode = FALSE
	EndGlobalSection
	GlobalSection(ExtensibilityGlobals) = postSolution
		SolutionGuid = {C845A1FA-9049-40D9-BC94-CCDF9BE1C978}
	EndGlobalSection
EndGlobal
